{
    "name": "html",
    "lockfileVersion": 3,
    "requires": true,
    "packages": {
        "": {
            "hasInstallScript": true,
            "dependencies": {
                "@fortawesome/fontawesome-free": "^5.15.2",
                "ace-builds": "^1.44.0",
                "bootstrap": "^5.3.8",
                "bootstrap-icons": "^1.13.1",
                "bootstrap-notify": "^3.1.3",
                "bootswatch": "^5.3.8",
                "datatables.net": "^2.3.8",
                "datatables.net-bs5": "^2.3.8",
                "frappe-charts": "^1.6.2",
                "mathjax": "^2.7.9",
                "prismjs": "^1.30.0",
                "quill": "^2.0.3",
                "select2": "^4.1.0",
                "select2-bootstrap-5-theme": "^1.3.0",
                "slim-select": "^3.6.1",
                "sortablejs": "^1.15.7"
            },
            "devDependencies": {
                "@prettier/plugin-php": "^0.24.0"
            }
        },
        "node_modules/@fortawesome/fontawesome-free": {
            "version": "5.15.4",
            "resolved": "https://registry.npmjs.org/@fortawesome/fontawesome-free/-/fontawesome-free-5.15.4.tgz",
            "integrity": "sha512-eYm8vijH/hpzr/6/1CJ/V/Eb1xQFW2nnUKArb3z+yUWv7HTwj6M7SP957oMjfZjAHU6qpoNc2wQvIxBLWYa/Jg==",
            "hasInstallScript": true,
            "license": "(CC-BY-4.0 AND OFL-1.1 AND MIT)",
            "engines": {
                "node": ">=6"
            }
        },
        "node_modules/@popperjs/core": {
            "version": "2.11.8",
            "resolved": "https://registry.npmjs.org/@popperjs/core/-/core-2.11.8.tgz",
            "integrity": "sha512-P1st0aksCrn9sGZhp8GMYwBnQsbvAWsZAX44oXNNvLHGqAOcoVxmjZiohstwQ7SqKnbR47akdNi+uleWD8+g6A==",
            "license": "MIT",
            "peer": true,
            "funding": {
                "type": "opencollective",
                "url": "https://opencollective.com/popperjs"
            }
        },
        "node_modules/@prettier/plugin-php": {
            "version": "0.24.0",
            "resolved": "https://registry.npmjs.org/@prettier/plugin-php/-/plugin-php-0.24.0.tgz",
            "integrity": "sha512-x9l65fCE/pgoET6RQowgdgG8Xmzs44z6j6Hhg3coINCyCw9JBGJ5ZzMR2XHAM2jmAdbJAIgqB6cUn4/3W3XLTA==",
            "dev": true,
            "license": "MIT",
            "dependencies": {
                "linguist-languages": "^8.0.0",
                "php-parser": "^3.2.5"
            },
            "peerDependencies": {
                "prettier": "^3.0.0"
            }
        },
        "node_modules/ace-builds": {
            "version": "1.44.0",
            "resolved": "https://registry.npmjs.org/ace-builds/-/ace-builds-1.44.0.tgz",
            "integrity": "sha512-PFNMSYqFdEUkul2Ntud0HvA09AgY+F1ag0UYdpMH60wNI/qOA8cB8tlTgoALMEwIdUPJK2CjrIQ7OnbiSS/ugQ==",
            "license": "BSD-3-Clause"
        },
        "node_modules/bootstrap": {
            "version": "5.3.8",
            "resolved": "https://registry.npmjs.org/bootstrap/-/bootstrap-5.3.8.tgz",
            "integrity": "sha512-HP1SZDqaLDPwsNiqRqi5NcP0SSXciX2s9E+RyqJIIqGo+vJeN5AJVM98CXmW/Wux0nQ5L7jeWUdplCEf0Ee+tg==",
            "funding": [
                {
                    "type": "github",
                    "url": "https://github.com/sponsors/twbs"
                },
                {
                    "type": "opencollective",
                    "url": "https://opencollective.com/bootstrap"
                }
            ],
            "license": "MIT",
            "peerDependencies": {
                "@popperjs/core": "^2.11.8"
            }
        },
        "node_modules/bootstrap-icons": {
            "version": "1.13.1",
            "resolved": "https://registry.npmjs.org/bootstrap-icons/-/bootstrap-icons-1.13.1.tgz",
            "integrity": "sha512-ijombt4v6bv5CLeXvRWKy7CuM3TRTuPEuGaGKvTV5cz65rQSY8RQ2JcHt6b90cBBAC7s8fsf2EkQDldzCoXUjw==",
            "funding": [
                {
                    "type": "github",
                    "url": "https://github.com/sponsors/twbs"
                },
                {
                    "type": "opencollective",
                    "url": "https://opencollective.com/bootstrap"
                }
            ],
            "license": "MIT"
        },
        "node_modules/bootstrap-notify": {
            "version": "3.1.3",
            "resolved": "https://registry.npmjs.org/bootstrap-notify/-/bootstrap-notify-3.1.3.tgz",
            "integrity": "sha512-cnTactFVG8aHri03+RmuZ5sl9VcA+jTTM/mTdEOQN+R1V9u4YBu8Ca+Pf6NGeVfieGv0Z6CxK8FzlWg59omzyg==",
            "license": "MIT"
        },
        "node_modules/bootswatch": {
            "version": "5.3.8",
            "resolved": "https://registry.npmjs.org/bootswatch/-/bootswatch-5.3.8.tgz",
            "integrity": "sha512-88mnH9tv+x6DV+scBxYFOpM4YSDVhyfEgbhqaEfvkHNctKI9qRcACxIP9nmBZ5mSeLXtsgax1VsRkUs1eWjlAQ==",
            "license": "MIT"
        },
        "node_modules/datatables.net": {
            "version": "2.3.8",
            "resolved": "https://registry.npmjs.org/datatables.net/-/datatables.net-2.3.8.tgz",
            "integrity": "sha512-uhViowhlDlheAuo5a8TrkQqADsjrtGeOyvrigvr4t0+K3MyAWqClORXWAYIcN9VLX6iIX0C8O9gwJNd01hITRg==",
            "license": "MIT",
            "dependencies": {
                "jquery": ">=1.7"
            }
        },
        "node_modules/datatables.net-bs5": {
            "version": "2.3.8",
            "resolved": "https://registry.npmjs.org/datatables.net-bs5/-/datatables.net-bs5-2.3.8.tgz",
            "integrity": "sha512-TbFH99QSWm93Kn3teHLFKeyOqYbaiddlHvRFdXUwAvh/fjTMhACWmHG+I43ss8d23OEFHV0WIbN4lpPusZm5zw==",
            "license": "MIT",
            "dependencies": {
                "datatables.net": "2.3.8",
                "jquery": ">=1.7"
            }
        },
        "node_modules/eventemitter3": {
            "version": "5.0.4",
            "resolved": "https://registry.npmjs.org/eventemitter3/-/eventemitter3-5.0.4.tgz",
            "integrity": "sha512-mlsTRyGaPBjPedk6Bvw+aqbsXDtoAyAzm5MO7JgU+yVRyMQ5O8bD4Kcci7BS85f93veegeCPkL8R4GLClnjLFw==",
            "license": "MIT"
        },
        "node_modules/fast-diff": {
            "version": "1.3.0",
            "resolved": "https://registry.npmjs.org/fast-diff/-/fast-diff-1.3.0.tgz",
            "integrity": "sha512-VxPP4NqbUjj6MaAOafWeUn2cXWLcCtljklUtZf0Ind4XQ+QPtmA0b18zZy0jIQx+ExRVCR/ZQpBmik5lXshNsw==",
            "license": "Apache-2.0"
        },
        "node_modules/frappe-charts": {
            "version": "1.6.2",
            "resolved": "https://registry.npmjs.org/frappe-charts/-/frappe-charts-1.6.2.tgz",
            "integrity": "sha512-9TC3/+YVUi84yYoEbxFiSqu+1FQ5If/ydUNj6i8FRpwynd08t6a7RkS+IRJozAk6NfdL8/LVTTE1DUOjjKZZxg==",
            "license": "MIT"
        },
        "node_modules/jquery": {
            "version": "4.0.0",
            "resolved": "https://registry.npmjs.org/jquery/-/jquery-4.0.0.tgz",
            "integrity": "sha512-TXCHVR3Lb6TZdtw1l3RTLf8RBWVGexdxL6AC8/e0xZKEpBflBsjh9/8LXw+dkNFuOyW9B7iB3O1sP7hS0Kiacg==",
            "license": "MIT"
        },
        "node_modules/linguist-languages": {
            "version": "8.2.0",
            "resolved": "https://registry.npmjs.org/linguist-languages/-/linguist-languages-8.2.0.tgz",
            "integrity": "sha512-KCUUH9x97QWYU0SXOCGxUrZR6cSfuQrMhABB7L/0I8N0LXOeaKe7+RZs7FAwvWCV2qKfZ4Wv1luLq4OfMezSJg==",
            "dev": true,
            "license": "MIT"
        },
        "node_modules/lodash-es": {
            "version": "4.18.1",
            "resolved": "https://registry.npmjs.org/lodash-es/-/lodash-es-4.18.1.tgz",
            "integrity": "sha512-J8xewKD/Gk22OZbhpOVSwcs60zhd95ESDwezOFuA3/099925PdHJ7OFHNTGtajL3AlZkykD32HykiMo+BIBI8A==",
            "license": "MIT"
        },
        "node_modules/lodash.clonedeep": {
            "version": "4.5.0",
            "resolved": "https://registry.npmjs.org/lodash.clonedeep/-/lodash.clonedeep-4.5.0.tgz",
            "integrity": "sha512-H5ZhCF25riFd9uB5UCkVKo61m3S/xZk1x4wA6yp/L3RFP6Z/eHH1ymQcGLo7J3GMPfm0V/7m1tryHuGVxpqEBQ==",
            "license": "MIT"
        },
        "node_modules/lodash.isequal": {
            "version": "4.5.0",
            "resolved": "https://registry.npmjs.org/lodash.isequal/-/lodash.isequal-4.5.0.tgz",
            "integrity": "sha512-pDo3lu8Jhfjqls6GkMgpahsF9kCyayhgykjyLMNFTKWrpVdAQtYyB4muAMWozBB4ig/dtWAmsMxLEI8wuz+DYQ==",
            "deprecated": "This package is deprecated. Use require('node:util').isDeepStrictEqual instead.",
            "license": "MIT"
        },
        "node_modules/mathjax": {
            "version": "2.7.9",
            "resolved": "https://registry.npmjs.org/mathjax/-/mathjax-2.7.9.tgz",
            "integrity": "sha512-NOGEDTIM9+MrsqnjPEjVGNx4q0GQxqm61yQwSK+/5S59i26wId5IC5gNu9/bu8+CCVl5p9G2IHcAl/wJa+5+BQ==",
            "license": "Apache-2.0"
        },
        "node_modules/parchment": {
            "version": "3.0.0",
            "resolved": "https://registry.npmjs.org/parchment/-/parchment-3.0.0.tgz",
            "integrity": "sha512-HUrJFQ/StvgmXRcQ1ftY6VEZUq3jA2t9ncFN4F84J/vN0/FPpQF+8FKXb3l6fLces6q0uOHj6NJn+2xvZnxO6A==",
            "license": "BSD-3-Clause"
        },
        "node_modules/php-parser": {
            "version": "3.4.0",
            "resolved": "https://registry.npmjs.org/php-parser/-/php-parser-3.4.0.tgz",
            "integrity": "sha512-JoDPazv8OESrVtcoIuO8HC587zVNJYSYUIl9zYn+JEpwlHSOrxmyMHB+sDS0O1ID5z1aFxPnr+vAUGoSKphlHA==",
            "dev": true,
            "license": "BSD-3-Clause"
        },
        "node_modules/prettier": {
            "version": "3.8.1",
            "resolved": "https://registry.npmjs.org/prettier/-/prettier-3.8.1.tgz",
            "integrity": "sha512-UOnG6LftzbdaHZcKoPFtOcCKztrQ57WkHDeRD9t/PTQtmT0NHSeWWepj6pS0z/N7+08BHFDQVUrfmfMRcZwbMg==",
            "dev": true,
            "license": "MIT",
            "peer": true,
            "bin": {
                "prettier": "bin/prettier.cjs"
            },
            "engines": {
                "node": ">=14"
            },
            "funding": {
                "url": "https://github.com/prettier/prettier?sponsor=1"
            }
        },
        "node_modules/prismjs": {
            "version": "1.30.0",
            "resolved": "https://registry.npmjs.org/prismjs/-/prismjs-1.30.0.tgz",
            "integrity": "sha512-DEvV2ZF2r2/63V+tK8hQvrR2ZGn10srHbXviTlcv7Kpzw8jWiNTqbVgjO3IY8RxrrOUF8VPMQQFysYYYv0YZxw==",
            "license": "MIT",
            "engines": {
                "node": ">=6"
            }
        },
        "node_modules/quill": {
            "version": "2.0.3",
            "resolved": "https://registry.npmjs.org/quill/-/quill-2.0.3.tgz",
            "integrity": "sha512-xEYQBqfYx/sfb33VJiKnSJp8ehloavImQ2A6564GAbqG55PGw1dAWUn1MUbQB62t0azawUS2CZZhWCjO8gRvTw==",
            "license": "BSD-3-Clause",
            "dependencies": {
                "eventemitter3": "^5.0.1",
                "lodash-es": "^4.17.21",
                "parchment": "^3.0.0",
                "quill-delta": "^5.1.0"
            },
            "engines": {
                "npm": ">=8.2.3"
            }
        },
        "node_modules/quill-delta": {
            "version": "5.1.0",
            "resolved": "https://registry.npmjs.org/quill-delta/-/quill-delta-5.1.0.tgz",
            "integrity": "sha512-X74oCeRI4/p0ucjb5Ma8adTXd9Scumz367kkMK5V/IatcX6A0vlgLgKbzXWy5nZmCGeNJm2oQX0d2Eqj+ZIlCA==",
            "license": "MIT",
            "dependencies": {
                "fast-diff": "^1.3.0",
                "lodash.clonedeep": "^4.5.0",
                "lodash.isequal": "^4.5.0"
            },
            "engines": {
                "node": ">= 12.0.0"
            }
        },
        "node_modules/select2": {
            "version": "4.1.0",
            "resolved": "https://registry.npmjs.org/select2/-/select2-4.1.0.tgz",
            "integrity": "sha512-i9KalWOP4/LRRGc8+rj2krNm0ZqP14cV+j1TRCEBSsOhCPkKH8rYZ2MCRXcgvqIqN+llqGci0hj9aVkCMvL0+g==",
            "license": "MIT",
            "engines": {
                "node": ">=24"
            }
        },
        "node_modules/select2-bootstrap-5-theme": {
            "version": "1.3.0",
            "resolved": "https://registry.npmjs.org/select2-bootstrap-5-theme/-/select2-bootstrap-5-theme-1.3.0.tgz",
            "integrity": "sha512-uEJDruP4tmwyKcs3V0oP7CIsyC45PGF5ddo8unwTp8OucJ1PSuTOBr+xbWaHTQPGnvp7N96psVQ5UBMQvFCcHA==",
            "license": "MIT",
            "dependencies": {
                "bootstrap": "^5.1.3"
            }
        },
        "node_modules/slim-select": {
            "version": "3.6.1",
            "resolved": "https://registry.npmjs.org/slim-select/-/slim-select-3.6.1.tgz",
            "integrity": "sha512-5cczXlJ7ppVHSqQe/ZjH+gdgrB9aicCdYLYG8GfMEC0Um1rr/XcwNEygg7S3+3PvjvZDSH4WMCa39wMxhyWX/g==",
            "license": "MIT",
            "engines": {
                "node": ">=20.19.0"
            },
            "peerDependencies": {
                "react": "^16.8.0 || ^17.0.0 || ^18.0.0 || ^19.0.0",
                "react-dom": "^16.8.0 || ^17.0.0 || ^18.0.0 || ^19.0.0",
                "vue": "^3.0.0"
            },
            "peerDependenciesMeta": {
                "react": {
                    "optional": true
                },
                "react-dom": {
                    "optional": true
                },
                "vue": {
                    "optional": true
                }
            }
        },
        "node_modules/sortablejs": {
            "version": "1.15.7",
            "resolved": "https://registry.npmjs.org/sortablejs/-/sortablejs-1.15.7.tgz",
            "integrity": "sha512-Kk8wLQPlS+yi1ZEf48a4+fzHa4yxjC30M/Sr2AnQu+f/MPwvvX9XjZ6OWejiz8crBsLwSq8GHqaxaET7u6ux0A==",
            "license": "MIT"
        }
    }
}
